// !$*UTF8*$!
{
	archiveVersion = 1;
	classes = {
	};
	objectVersion = 50;
	objects = {

/* Begin PBXBuildFile section */
		FE0EA2E325DAAD9300B5EFA7 /* DeviceTraitStatus.swift in Sources */ = {isa = PBXBuildFile; fileRef = FE0EA2E225DAAD9300B5EFA7 /* DeviceTraitStatus.swift */; };
		FE366D9525AC734A0058FABD /* MypaintApp.swift in Sources */ = {isa = PBXBuildFile; fileRef = FE366D9425AC734A0058FABD /* MypaintApp.swift */; };
		FE366D9725AC734A0058FABD /* ContentView.swift in Sources */ = {isa = PBXBuildFile; fileRef = FE366D9625AC734A0058FABD /* ContentView.swift */; };
		FE366D9925AC734B0058FABD /* Assets.xcassets in Resources */ = {isa = PBXBuildFile; fileRef = FE366D9825AC734B0058FABD /* Assets.xcassets */; };
		FE366D9C25AC734B0058FABD /* Preview Assets.xcassets in Resources */ = {isa = PBXBuildFile; fileRef = FE366D9B25AC734B0058FABD /* Preview Assets.xcassets */; };
/* End PBXBuildFile section */

/* Begin PBXFileReference section */
		FE0EA2E225DAAD9300B5EFA7 /* DeviceTraitStatus.swift */ = {isa = PBXFileReference; lastKnownFileType = sourcecode.swift; path = DeviceTraitStatus.swift; sourceTree = "<group>"; };
		FE366D9125AC734A0058FABD /* Mypaint.app */ = {isa = PBXFileReference; explicitFileType = wrapper.application; includeInIndex = 0; path = Mypaint.app; sourceTree = BUILT_PRODUCTS_DIR; };
		FE366D9425AC734A0058FABD /* MypaintApp.swift */ = {isa = PBXFileReference; lastKnownFileType = sourcecode.swift; path = MypaintApp.swift; sourceTree = "<group>"; };
		FE366D9625AC734A0058FABD /* ContentView.swift */ = {isa = PBXFileReference; lastKnownFileType = sourcecode.swift; path = ContentView.swift; sourceTree = "<group>"; tabWidth = 4; };
		FE366D9825AC734B0058FABD /* Assets.xcassets */ = {isa = PBXFileReference; lastKnownFileType = folder.assetcatalog; path = Assets.xcassets; sourceTree = "<group>"; };
		FE366D9B25AC734B0058FABD /* Preview Assets.xcassets */ = {isa = PBXFileReference; lastKnownFileType = folder.assetcatalog; path = "Preview Assets.xcassets"; sourceTree = "<group>"; };
		FE366D9D25AC734B0058FABD /* Info.plist */ = {isa = PBXFileReference; lastKnownFileType = text.plist.xml; path = Info.plist; sourceTree = "<group>"; };
/* End PBXFileReference section */

/* Begin PBXFrameworksBuildPhase section */
		FE366D8E25AC734A0058FABD /* Frameworks */ = {
			isa = PBXFrameworksBuildPhase;
			buildActionMask = 2147483647;
			files = (
			);
			runOnlyForDeploymentPostprocessing = 0;
		};
/* End PBXFrameworksBuildPhase section */

/* Begin PBXGroup section */
		FE366D8825AC734A0058FABD = {
			isa = PBXGroup;
			children = (
				FE366D9325AC734A0058FABD /* Mypaint */,
				FE366D9225AC734A0058FABD /* Products */,
			);
			sourceTree = "<group>";
		};
		FE366D9225AC734A0058FABD /* Products */ = {
			isa = PBXGroup;
			children = (
				FE366D9125AC734A0058FABD /* Mypaint.app */,
			);
			name = Products;
			sourceTree = "<group>";
		};
		FE366D9325AC734A0058FABD /* Mypaint */ = {
			isa = PBXGroup;
			children = (
				FE366D9425AC734A0058FABD /* MypaintApp.swift */,
				FE366D9625AC734A0058FABD /* ContentView.swift */,
				FE0EA2E225DAAD9300B5EFA7 /* DeviceTraitStatus.swift */,
				FE366D9825AC734B0058FABD /* Assets.xcassets */,
				FE366D9D25AC734B0058FABD /* Info.plist */,
				FE366D9A25AC734B0058FABD /* Preview Content */,
			);
			path = Mypaint;
			sourceTree = "<group>";
		};
		FE366D9A25AC734B0058FABD /* Preview Content */ = {
			isa = PBXGroup;
			children = (
				FE366D9B25AC734B0058FABD /* Preview Assets.xcassets */,
			);
			path = "Preview Content";
			sourceTree = "<group>";
		};
/* End PBXGroup section */

/* Begin PBXNativeTarget section */
		FE366D9025AC734A0058FABD /* Mypaint */ = {
			isa = PBXNativeTarget;
			buildConfigurationList = FE366DA025AC734B0058FABD /* Build configuration list for PBXNativeTarget "Mypaint" */;
			buildPhases = (
				FE366D8D25AC734A0058FABD /* Sources */,
				FE366D8E25AC734A0058FABD /* Frameworks */,
				FE366D8F25AC734A0058FABD /* Resources */,
			);
			buildRules = (
			);
			dependencies = (
			);
			name = Mypaint;
			productName = Mypaint;
			productReference = FE366D9125AC734A0058FABD /* Mypaint.app */;
			productType = "com.apple.product-type.application";
		};
/* End PBXNativeTarget section */

/* Begin PBXProject section */
		FE366D8925AC734A0058FABD /* Project object */ = {
			isa = PBXProject;
			attributes = {
				LastSwiftUpdateCheck = 1230;
				LastUpgradeCheck = 1230;
				TargetAttributes = {
					FE366D9025AC734A0058FABD = {
						CreatedOnToolsVersion = 12.3;
					};
				};
			};
			buildConfigurationList = FE366D8C25AC734A0058FABD /* Build configuration list for PBXProject "Mypaint" */;
			compatibilityVersion = "Xcode 9.3";
			developmentRegion = en;
			hasScannedForEncodings = 0;
			knownRegions = (
				en,
				Base,
			);
			mainGroup = FE366D8825AC734A0058FABD;
			productRefGroup = FE366D9225AC734A0058FABD /* Products */;
			projectDirPath = "";
			projectRoot = "";
			targets = (
				FE366D9025AC734A0058FABD /* Mypaint */,
			);
		};
/* End PBXProject section */

/* Begin PBXResourcesBuildPhase section */
		FE366D8F25AC734A0058FABD /* Resources */ = {
			isa = PBXResourcesBuildPhase;
			buildActionMask = 2147483647;
			files = (
				FE366D9C25AC734B0058FABD /* Preview Assets.xcassets in Resources */,
				FE366D9925AC734B0058FABD /* Assets.xcassets in Resources */,
			);
			runOnlyForDeploymentPostprocessing = 0;
		};
/* End PBXResourcesBuildPhase section */

/* Begin PBXSourcesBuildPhase section */
		FE366D8D25AC734A0058FABD /* Sources */ = {
			isa = PBXSourcesBuildPhase;
			buildActionMask = 2147483647;
			files = (
				FE0EA2E325DAAD9300B5EFA7 /* DeviceTraitStatus.swift in Sources */,
				FE366D9725AC734A0058FABD /* ContentView.swift in Sources */,
				FE366D9525AC734A0058FABD /* MypaintApp.swift in Sources */,
			);
			runOnlyForDeploymentPostprocessing = 0;
		};
/* End PBXSourcesBuildPhase section */

/* Begin XCBuildConfiguration section */
		FE366D9E25AC734B0058FABD /* Debug */ = {
			isa = XCBuildConfiguration;
			buildSettings = {
				ALWAYS_SEARCH_USER_PATHS = NO;
				CLANG_ANALYZER_NONNULL = YES;
				CLANG_ANALYZER_NUMBER_OBJECT_CONVERSION = YES_AGGRESSIVE;
				CLANG_CXX_LANGUAGE_STANDARD = "gnu++14";
				CLANG_CXX_LIBRARY = "libc++";
				CLANG_ENABLE_MODULES = YES;
				CLANG_ENABLE_OBJC_ARC = YES;
				CLANG_ENABLE_OBJC_WEAK = YES;
				CLANG_WARN_BLOCK_CAPTURE_AUTORELEASING = YES;
				CLANG_WARN_BOOL_CONVERSION = YES;
				CLANG_WARN_COMMA = YES;
				CLANG_WARN_CONSTANT_CONVERSION = YES;
				CLANG_WARN_DEPRECATED_OBJC_IMPLEMENTATIONS = YES;
				CLANG_WARN_DIRECT_OBJC_ISA_USAGE = YES_ERROR;
				CLANG_WARN_DOCUMENTATION_COMMENTS = YES;
				CLANG_WARN_EMPTY_BODY = YES;
				CLANG_WARN_ENUM_CONVERSION = YES;
				CLANG_WARN_INFINITE_RECURSION = YES;
				CLANG_WARN_INT_CONVERSION = YES;
				CLANG_WARN_NON_LITERAL_NULL_CONVERSION = YES;
				CLANG_WARN_OBJC_IMPLICIT_RETAIN_SELF = YES;
				CLANG_WARN_OBJC_LITERAL_CONVERSION = YES;
				CLANG_WARN_OBJC_ROOT_CLASS = YES_ERROR;
				CLANG_WARN_QUOTED_INCLUDE_IN_FRAMEWORK_HEADER = YES;
				CLANG_WARN_RANGE_LOOP_ANALYSIS = YES;
				CLANG_WARN_STRICT_PROTOTYPES = YES;
				CLANG_WARN_SUSPICIOUS_MOVE = YES;
				CLANG_WARN_UNGUARDED_AVAILABILITY = YES_AGGRESSIVE;
				CLANG_WARN_UNREACHABLE_CODE = YES;
				CLANG_WARN__DUPLICATE_METHOD_MATCH = YES;
				COPY_PHASE_STRIP = NO;
				DEBUG_INFORMATION_FORMAT = dwarf;
				ENABLE_STRICT_OBJC_MSGSEND = YES;
				ENABLE_TESTABILITY = YES;
				GCC_C_LANGUAGE_STANDARD = gnu11;
				GCC_DYNAMIC_NO_PIC = NO;
				GCC_NO_COMMON_BLOCKS = YES;
				GCC_OPTIMIZATION_LEVEL = 0;
				GCC_PREPROCESSOR_DEFINITIONS = (
					"DEBUG=1",
					"$(inherited)",
				);
				GCC_WARN_64_TO_32_BIT_CONVERSION = YES;
				GCC_WARN_ABOUT_RETURN_TYPE = YES_ERROR;
				GCC_WARN_UNDECLARED_SELECTOR = YES;
				GCC_WARN_UNINITIALIZED_AUTOS = YES_AGGRESSIVE;
				GCC_WARN_UNUSED_FUNCTION = YES;
				GCC_WARN_UNUSED_VARIABLE = YES;
				IPHONEOS_DEPLOYMENT_TARGET = 14.3;
				MTL_ENABLE_DEBUG_INFO = INCLUDE_SOURCE;
				MTL_FAST_MATH = YES;
				ONLY_ACTIVE_ARCH = YES;
				SDKROOT = iphoneos;
				SWIFT_ACTIVE_COMPILATION_CONDITIONS = DEBUG;
				SWIFT_OPTIMIZATION_LEVEL = "-Onone";
			};
			name = Debug;
		};
		FE366D9F25AC734B0058FABD /* Release */ = {
			isa = XCBuildConfiguration;
			buildSettings = {
				ALWAYS_SEARCH_USER_PATHS = NO;
				CLANG_ANALYZER_NONNULL = YES;
				CLANG_ANALYZER_NUMBER_OBJECT_CONVERSION = YES_AGGRESSIVE;
				CLANG_CXX_LANGUAGE_STANDARD = "gnu++14";
				CLANG_CXX_LIBRARY = "libc++";
				CLANG_ENABLE_MODULES = YES;
				CLANG_ENABLE_OBJC_ARC = YES;
				CLANG_ENABLE_OBJC_WEAK = YES;
				CLANG_WARN_BLOCK_CAPTURE_AUTORELEASING = YES;
				CLANG_WARN_BOOL_CONVERSION = YES;
				CLANG_WARN_COMMA = YES;
				CLANG_WARN_CONSTANT_CONVERSION = YES;
				CLANG_WARN_DEPRECATED_OBJC_IMPLEMENTATIONS = YES;
				CLANG_WARN_DIRECT_OBJC_ISA_USAGE = YES_ERROR;
				CLANG_WARN_DOCUMENTATION_COMMENTS = YES;
				CLANG_WARN_EMPTY_BODY = YES;
				CLANG_WARN_ENUM_CONVERSION = YES;
				CLANG_WARN_INFINITE_RECURSION = YES;
				CLANG_WARN_INT_CONVERSION = YES;
				CLANG_WARN_NON_LITERAL_NULL_CONVERSION = YES;
				CLANG_WARN_OBJC_IMPLICIT_RETAIN_SELF = YES;
				CLANG_WARN_OBJC_LITERAL_CONVERSION = YES;
				CLANG_WARN_OBJC_ROOT_CLASS = YES_ERROR;
				CLANG_WARN_QUOTED_INCLUDE_IN_FRAMEWORK_HEADER = YES;
				CLANG_WARN_RANGE_LOOP_ANALYSIS = YES;
				CLANG_WARN_STRICT_PROTOTYPES = YES;
				CLANG_WARN_SUSPICIOUS_MOVE = YES;
				CLANG_WARN_UNGUARDED_AVAILABILITY = YES_AGGRESSIVE;
				CLANG_WARN_UNREACHABLE_CODE = YES;
				CLANG_WARN__DUPLICATE_METHOD_MATCH = YES;
				COPY_PHASE_STRIP = NO;
				DEBUG_INFORMATION_FORMAT = "dwarf-with-dsym";
				ENABLE_NS_ASSERTIONS = NO;
				ENABLE_STRICT_OBJC_MSGSEND = YES;
				GCC_C_LANGUAGE_STANDARD = gnu11;
				GCC_NO_COMMON_BLOCKS = YES;
				GCC_WARN_64_TO_32_BIT_CONVERSION = YES;
				GCC_WARN_ABOUT_RETURN_TYPE = YES_ERROR;
				GCC_WARN_UNDECLARED_SELECTOR = YES;
				GCC_WARN_UNINITIALIZED_AUTOS = YES_AGGRESSIVE;
				GCC_WARN_UNUSED_FUNCTION = YES;
				GCC_WARN_UNUSED_VARIABLE = YES;
				IPHONEOS_DEPLOYMENT_TARGET = 14.3;
				MTL_ENABLE_DEBUG_INFO = NO;
				MTL_FAST_MATH = YES;
				SDKROOT = iphoneos;
				SWIFT_COMPILATION_MODE = wholemodule;
				SWIFT_OPTIMIZATION_LEVEL = "-O";
				VALIDATE_PRODUCT = YES;
			};
			name = Release;
		};
		FE366DA125AC734B0058FABD /* Debug */ = {
			isa = XCBuildConfiguration;
			buildSettings = {
				ASSETCATALOG_COMPILER_APPICON_NAME = AppIcon;
				ASSETCATALOG_COMPILER_GLOBAL_ACCENT_COLOR_NAME = AccentColor;
				CODE_SIGN_STYLE = Automatic;
				DEVELOPMENT_ASSET_PATHS = "\"Mypaint/Preview Content\"";
				DEVELOPMENT_TEAM = 6MCNVC8ZD3;
				ENABLE_PREVIEWS = YES;
				INFOPLIST_FILE = Mypaint/Info.plist;
				IPHONEOS_DEPLOYMENT_TARGET = 14.0;
				LD_RUNPATH_SEARCH_PATHS = (
					"$(inherited)",
					"@executable_path/Frameworks",
				);
				PRODUCT_BUNDLE_IDENTIFIER = "T-mo-shirakawa19881212";
				PRODUCT_NAME = "$(TARGET_NAME)";
				SWIFT_VERSION = 5.0;
				TARGETED_DEVICE_FAMILY = "1,2";
			};
			name = Debug;
		};
		FE366DA225AC734B0058FABD /* Release */ = {
			isa = XCBuildConfiguration;
			buildSettings = {
				ASSETCATALOG_COMPILER_APPICON_NAME = AppIcon;
				ASSETCATALOG_COMPILER_GLOBAL_ACCENT_COLOR_NAME = AccentColor;
				CODE_SIGN_STYLE = Automatic;
				DEVELOPMENT_ASSET_PATHS = "\"Mypaint/Preview Content\"";
				DEVELOPMENT_TEAM = 6MCNVC8ZD3;
				ENABLE_PREVIEWS = YES;
				INFOPLIST_FILE = Mypaint/Info.plist;
				IPHONEOS_DEPLOYMENT_TARGET = 14.0;
				LD_RUNPATH_SEARCH_PATHS = (
					"$(inherited)",
					"@executable_path/Frameworks",
				);
				PRODUCT_BUNDLE_IDENTIFIER = "T-mo-shirakawa19881212";
				PRODUCT_NAME = "$(TARGET_NAME)";
				SWIFT_VERSION = 5.0;
				TARGETED_DEVICE_FAMILY = "1,2";
			};
			name = Release;
		};
/* End XCBuildConfiguration section */

/* Begin XCConfigurationList section */
		FE366D8C25AC734A0058FABD /* Build configuration list for PBXProject "Mypaint" */ = {
			isa = XCConfigurationList;
			buildConfigurations = (
				FE366D9E25AC734B0058FABD /* Debug */,
				FE366D9F25AC734B0058FABD /* Release */,
			);
			defaultConfigurationIsVisible = 0;
			defaultConfigurationName = Release;
		};
		FE366DA025AC734B0058FABD /* Build configuration list for PBXNativeTarget "Mypaint" */ = {
			isa = XCConfigurationList;
			buildConfigurations = (
				FE366DA125AC734B0058FABD /* Debug */,
				FE366DA225AC734B0058FABD /* Release */,
			);
			defaultConfigurationIsVisible = 0;
			defaultConfigurationName = Release;
		};
/* End XCConfigurationList section */
	};
	rootObject = FE366D8925AC734A0058FABD /* Project object */;
}
